// !$*UTF8*$!
{
	archiveVersion = 1;
	classes = {
	};
	objectVersion = 55;
	objects = {

/* Begin PBXBuildFile section */
		A815A5322CFA1BA80033BDBB /* LegacyFramework.framework in Frameworks */ = {isa = PBXBuildFile; fileRef = A815A52A2CF943A00033BDBB /* LegacyFramework.framework */; };
		A815A5332CFA1BA80033BDBB /* LegacyFramework.framework in Embed Frameworks */ = {isa = PBXBuildFile; fileRef = A815A52A2CF943A00033BDBB /* LegacyFramework.framework */; settings = {ATTRIBUTES = (CodeSignOnCopy, RemoveHeadersOnCopy, ); }; };
		A8672E4C2CF79DF100B6BEF8 /* LegacyManager.m in Sources */ = {isa = PBXBuildFile; fileRef = A8672E4B2CF79DF100B6BEF8 /* LegacyManager.m */; };
		A8672E4E2CF79E5F00B6BEF8 /* Manager.swift in Sources */ = {isa = PBXBuildFile; fileRef = A8672E4D2CF79E5F00B6BEF8 /* Manager.swift */; };
		A8672E522CF8AF2700B6BEF8 /* LegacyManager+Additions.swift in Sources */ = {isa = PBXBuildFile; fileRef = A8672E512CF8AF2700B6BEF8 /* LegacyManager+Additions.swift */; };
		A8B6E3BD2CF77EE0004BBEA5 /* LegacyExample01App.swift in Sources */ = {isa = PBXBuildFile; fileRef = A8B6E3BC2CF77EE0004BBEA5 /* LegacyExample01App.swift */; };
		A8B6E3BF2CF77EE0004BBEA5 /* ContentView.swift in Sources */ = {isa = PBXBuildFile; fileRef = A8B6E3BE2CF77EE0004BBEA5 /* ContentView.swift */; };
		A8B6E3C12CF77EE3004BBEA5 /* Assets.xcassets in Resources */ = {isa = PBXBuildFile; fileRef = A8B6E3C02CF77EE3004BBEA5 /* Assets.xcassets */; };
		A8B6E3C42CF77EE3004BBEA5 /* Preview Assets.xcassets in Resources */ = {isa = PBXBuildFile; fileRef = A8B6E3C32CF77EE3004BBEA5 /* Preview Assets.xcassets */; };
		A8F7B7D72CF91DBD009444F1 /* Helper.swift in Sources */ = {isa = PBXBuildFile; fileRef = A8F7B7D62CF91DBD009444F1 /* Helper.swift */; };
/* End PBXBuildFile section */

/* Begin PBXContainerItemProxy section */
		A815A5292CF943A00033BDBB /* PBXContainerItemProxy */ = {
			isa = PBXContainerItemProxy;
			containerPortal = A815A5242CF9439F0033BDBB /* LegacyFramework.xcodeproj */;
			proxyType = 2;
			remoteGlobalIDString = A815A50A2CF9439F0033BDBB;
			remoteInfo = LegacyFramework;
		};
		A815A52B2CF943A00033BDBB /* PBXContainerItemProxy */ = {
			isa = PBXContainerItemProxy;
			containerPortal = A815A5242CF9439F0033BDBB /* LegacyFramework.xcodeproj */;
			proxyType = 2;
			remoteGlobalIDString = A815A5142CF9439F0033BDBB;
			remoteInfo = LegacyFrameworkTests;
		};
/* End PBXContainerItemProxy section */

/* Begin PBXCopyFilesBuildPhase section */
		A815A5342CFA1BA80033BDBB /* Embed Frameworks */ = {
			isa = PBXCopyFilesBuildPhase;
			buildActionMask = 2147483647;
			dstPath = "";
			dstSubfolderSpec = 10;
			files = (
				A815A5332CFA1BA80033BDBB /* LegacyFramework.framework in Embed Frameworks */,
			);
			name = "Embed Frameworks";
			runOnlyForDeploymentPostprocessing = 0;
		};
/* End PBXCopyFilesBuildPhase section */

/* Begin PBXFileReference section */
		A815A5242CF9439F0033BDBB /* LegacyFramework.xcodeproj */ = {isa = PBXFileReference; lastKnownFileType = "wrapper.pb-project"; name = LegacyFramework.xcodeproj; path = LegacyFramework/LegacyFramework.xcodeproj; sourceTree = "<group>"; };
		A8672E492CF79DF000B6BEF8 /* LegacyExample01-Bridging-Header.h */ = {isa = PBXFileReference; lastKnownFileType = sourcecode.c.h; path = "LegacyExample01-Bridging-Header.h"; sourceTree = "<group>"; };
		A8672E4A2CF79DF100B6BEF8 /* LegacyManager.h */ = {isa = PBXFileReference; lastKnownFileType = sourcecode.c.h; path = LegacyManager.h; sourceTree = "<group>"; };
		A8672E4B2CF79DF100B6BEF8 /* LegacyManager.m */ = {isa = PBXFileReference; lastKnownFileType = sourcecode.c.objc; path = LegacyManager.m; sourceTree = "<group>"; };
		A8672E4D2CF79E5F00B6BEF8 /* Manager.swift */ = {isa = PBXFileReference; lastKnownFileType = sourcecode.swift; path = Manager.swift; sourceTree = "<group>"; };
		A8672E512CF8AF2700B6BEF8 /* LegacyManager+Additions.swift */ = {isa = PBXFileReference; fileEncoding = 4; lastKnownFileType = sourcecode.swift; path = "LegacyManager+Additions.swift"; sourceTree = "<group>"; };
		A8B6E3B92CF77EE0004BBEA5 /* LegacyExample01.app */ = {isa = PBXFileReference; explicitFileType = wrapper.application; includeInIndex = 0; path = LegacyExample01.app; sourceTree = BUILT_PRODUCTS_DIR; };
		A8B6E3BC2CF77EE0004BBEA5 /* LegacyExample01App.swift */ = {isa = PBXFileReference; lastKnownFileType = sourcecode.swift; path = LegacyExample01App.swift; sourceTree = "<group>"; };
		A8B6E3BE2CF77EE0004BBEA5 /* ContentView.swift */ = {isa = PBXFileReference; lastKnownFileType = sourcecode.swift; path = ContentView.swift; sourceTree = "<group>"; };
		A8B6E3C02CF77EE3004BBEA5 /* Assets.xcassets */ = {isa = PBXFileReference; lastKnownFileType = folder.assetcatalog; path = Assets.xcassets; sourceTree = "<group>"; };
		A8B6E3C32CF77EE3004BBEA5 /* Preview Assets.xcassets */ = {isa = PBXFileReference; lastKnownFileType = folder.assetcatalog; path = "Preview Assets.xcassets"; sourceTree = "<group>"; };
		A8B6E3C52CF77EE3004BBEA5 /* LegacyExample01.entitlements */ = {isa = PBXFileReference; lastKnownFileType = text.plist.entitlements; path = LegacyExample01.entitlements; sourceTree = "<group>"; };
		A8F7B7D62CF91DBD009444F1 /* Helper.swift */ = {isa = PBXFileReference; lastKnownFileType = sourcecode.swift; path = Helper.swift; sourceTree = "<group>"; };
/* End PBXFileReference section */

/* Begin PBXFrameworksBuildPhase section */
		A8B6E3B62CF77EDF004BBEA5 /* Frameworks */ = {
			isa = PBXFrameworksBuildPhase;
			buildActionMask = 2147483647;
			files = (
				A815A5322CFA1BA80033BDBB /* LegacyFramework.framework in Frameworks */,
			);
			runOnlyForDeploymentPostprocessing = 0;
		};
/* End PBXFrameworksBuildPhase section */

/* Begin PBXGroup section */
		A815A5252CF9439F0033BDBB /* Products */ = {
			isa = PBXGroup;
			children = (
				A815A52A2CF943A00033BDBB /* LegacyFramework.framework */,
				A815A52C2CF943A00033BDBB /* LegacyFrameworkTests.xctest */,
			);
			name = Products;
			sourceTree = "<group>";
		};
		A815A5312CFA1BA80033BDBB /* Frameworks */ = {
			isa = PBXGroup;
			children = (
			);
			name = Frameworks;
			sourceTree = "<group>";
		};
		A8B6E3B02CF77EDF004BBEA5 = {
			isa = PBXGroup;
			children = (
				A815A5242CF9439F0033BDBB /* LegacyFramework.xcodeproj */,
				A8B6E3BB2CF77EE0004BBEA5 /* LegacyExample01 */,
				A8B6E3BA2CF77EE0004BBEA5 /* Products */,
				A8672E492CF79DF000B6BEF8 /* LegacyExample01-Bridging-Header.h */,
				A815A5312CFA1BA80033BDBB /* Frameworks */,
			);
			sourceTree = "<group>";
		};
		A8B6E3BA2CF77EE0004BBEA5 /* Products */ = {
			isa = PBXGroup;
			children = (
				A8B6E3B92CF77EE0004BBEA5 /* LegacyExample01.app */,
			);
			name = Products;
			sourceTree = "<group>";
		};
		A8B6E3BB2CF77EE0004BBEA5 /* LegacyExample01 */ = {
			isa = PBXGroup;
			children = (
				A8B6E3BC2CF77EE0004BBEA5 /* LegacyExample01App.swift */,
				A8B6E3BE2CF77EE0004BBEA5 /* ContentView.swift */,
				A8F7B7D62CF91DBD009444F1 /* Helper.swift */,
				A8672E4D2CF79E5F00B6BEF8 /* Manager.swift */,
				A8672E4A2CF79DF100B6BEF8 /* LegacyManager.h */,
				A8672E4B2CF79DF100B6BEF8 /* LegacyManager.m */,
				A8672E512CF8AF2700B6BEF8 /* LegacyManager+Additions.swift */,
				A8B6E3C02CF77EE3004BBEA5 /* Assets.xcassets */,
				A8B6E3C52CF77EE3004BBEA5 /* LegacyExample01.entitlements */,
				A8B6E3C22CF77EE3004BBEA5 /* Preview Content */,
			);
			path = LegacyExample01;
			sourceTree = "<group>";
		};
		A8B6E3C22CF77EE3004BBEA5 /* Preview Content */ = {
			isa = PBXGroup;
			children = (
				A8B6E3C32CF77EE3004BBEA5 /* Preview Assets.xcassets */,
			);
			path = "Preview Content";
			sourceTree = "<group>";
		};
/* End PBXGroup section */

/* Begin PBXNativeTarget section */
		A8B6E3B82CF77EDF004BBEA5 /* LegacyExample01 */ = {
			isa = PBXNativeTarget;
			buildConfigurationList = A8B6E3C82CF77EE3004BBEA5 /* Build configuration list for PBXNativeTarget "LegacyExample01" */;
			buildPhases = (
				A8B6E3B52CF77EDF004BBEA5 /* Sources */,
				A8B6E3B62CF77EDF004BBEA5 /* Frameworks */,
				A8B6E3B72CF77EDF004BBEA5 /* Resources */,
				A815A5342CFA1BA80033BDBB /* Embed Frameworks */,
			);
			buildRules = (
			);
			dependencies = (
			);
			name = LegacyExample01;
			productName = LegacyExample01;
			productReference = A8B6E3B92CF77EE0004BBEA5 /* LegacyExample01.app */;
			productType = "com.apple.product-type.application";
		};
/* End PBXNativeTarget section */

/* Begin PBXProject section */
		A8B6E3B12CF77EDF004BBEA5 /* Project object */ = {
			isa = PBXProject;
			attributes = {
				BuildIndependentTargetsInParallel = 1;
				LastSwiftUpdateCheck = 1320;
				LastUpgradeCheck = 1320;
				TargetAttributes = {
					A8B6E3B82CF77EDF004BBEA5 = {
						CreatedOnToolsVersion = 13.2.1;
						LastSwiftMigration = 1320;
					};
				};
			};
			buildConfigurationList = A8B6E3B42CF77EDF004BBEA5 /* Build configuration list for PBXProject "LegacyExample01" */;
			compatibilityVersion = "Xcode 13.0";
			developmentRegion = en;
			hasScannedForEncodings = 0;
			knownRegions = (
				en,
				Base,
			);
			mainGroup = A8B6E3B02CF77EDF004BBEA5;
			productRefGroup = A8B6E3BA2CF77EE0004BBEA5 /* Products */;
			projectDirPath = "";
			projectReferences = (
				{
					ProductGroup = A815A5252CF9439F0033BDBB /* Products */;
					ProjectRef = A815A5242CF9439F0033BDBB /* LegacyFramework.xcodeproj */;
				},
			);
			projectRoot = "";
			targets = (
				A8B6E3B82CF77EDF004BBEA5 /* LegacyExample01 */,
			);
		};
/* End PBXProject section */

/* Begin PBXReferenceProxy section */
		A815A52A2CF943A00033BDBB /* LegacyFramework.framework */ = {
			isa = PBXReferenceProxy;
			fileType = wrapper.framework;
			path = LegacyFramework.framework;
			remoteRef = A815A5292CF943A00033BDBB /* PBXContainerItemProxy */;
			sourceTree = BUILT_PRODUCTS_DIR;
		};
		A815A52C2CF943A00033BDBB /* LegacyFrameworkTests.xctest */ = {
			isa = PBXReferenceProxy;
			fileType = wrapper.cfbundle;
			path = LegacyFrameworkTests.xctest;
			remoteRef = A815A52B2CF943A00033BDBB /* PBXContainerItemProxy */;
			sourceTree = BUILT_PRODUCTS_DIR;
		};
/* End PBXReferenceProxy section */

/* Begin PBXResourcesBuildPhase section */
		A8B6E3B72CF77EDF004BBEA5 /* Resources */ = {
			isa = PBXResourcesBuildPhase;
			buildActionMask = 2147483647;
			files = (
				A8B6E3C42CF77EE3004BBEA5 /* Preview Assets.xcassets in Resources */,
				A8B6E3C12CF77EE3004BBEA5 /* Assets.xcassets in Resources */,
			);
			runOnlyForDeploymentPostprocessing = 0;
		};
/* End PBXResourcesBuildPhase section */

/* Begin PBXSourcesBuildPhase section */
		A8B6E3B52CF77EDF004BBEA5 /* Sources */ = {
			isa = PBXSourcesBuildPhase;
			buildActionMask = 2147483647;
			files = (
				A8672E522CF8AF2700B6BEF8 /* LegacyManager+Additions.swift in Sources */,
				A8B6E3BF2CF77EE0004BBEA5 /* ContentView.swift in Sources */,
				A8B6E3BD2CF77EE0004BBEA5 /* LegacyExample01App.swift in Sources */,
				A8672E4C2CF79DF100B6BEF8 /* LegacyManager.m in Sources */,
				A8672E4E2CF79E5F00B6BEF8 /* Manager.swift in Sources */,
				A8F7B7D72CF91DBD009444F1 /* Helper.swift in Sources */,
			);
			runOnlyForDeploymentPostprocessing = 0;
		};
/* End PBXSourcesBuildPhase section */

/* Begin XCBuildConfiguration section */
		A8B6E3C62CF77EE3004BBEA5 /* Debug */ = {
			isa = XCBuildConfiguration;
			buildSettings = {
				ALWAYS_SEARCH_USER_PATHS = NO;
				CLANG_ANALYZER_NONNULL = YES;
				CLANG_ANALYZER_NUMBER_OBJECT_CONVERSION = YES_AGGRESSIVE;
				CLANG_CXX_LANGUAGE_STANDARD = "gnu++17";
				CLANG_CXX_LIBRARY = "libc++";
				CLANG_ENABLE_MODULES = YES;
				CLANG_ENABLE_OBJC_ARC = YES;
				CLANG_ENABLE_OBJC_WEAK = YES;
				CLANG_WARN_BLOCK_CAPTURE_AUTORELEASING = YES;
				CLANG_WARN_BOOL_CONVERSION = YES;
				CLANG_WARN_COMMA = YES;
				CLANG_WARN_CONSTANT_CONVERSION = YES;
				CLANG_WARN_DEPRECATED_OBJC_IMPLEMENTATIONS = YES;
				CLANG_WARN_DIRECT_OBJC_ISA_USAGE = YES_ERROR;
				CLANG_WARN_DOCUMENTATION_COMMENTS = YES;
				CLANG_WARN_EMPTY_BODY = YES;
				CLANG_WARN_ENUM_CONVERSION = YES;
				CLANG_WARN_INFINITE_RECURSION = YES;
				CLANG_WARN_INT_CONVERSION = YES;
				CLANG_WARN_NON_LITERAL_NULL_CONVERSION = YES;
				CLANG_WARN_OBJC_IMPLICIT_RETAIN_SELF = YES;
				CLANG_WARN_OBJC_LITERAL_CONVERSION = YES;
				CLANG_WARN_OBJC_ROOT_CLASS = YES_ERROR;
				CLANG_WARN_QUOTED_INCLUDE_IN_FRAMEWORK_HEADER = YES;
				CLANG_WARN_RANGE_LOOP_ANALYSIS = YES;
				CLANG_WARN_STRICT_PROTOTYPES = YES;
				CLANG_WARN_SUSPICIOUS_MOVE = YES;
				CLANG_WARN_UNGUARDED_AVAILABILITY = YES_AGGRESSIVE;
				CLANG_WARN_UNREACHABLE_CODE = YES;
				CLANG_WARN__DUPLICATE_METHOD_MATCH = YES;
				COPY_PHASE_STRIP = NO;
				DEBUG_INFORMATION_FORMAT = dwarf;
				ENABLE_STRICT_OBJC_MSGSEND = YES;
				ENABLE_TESTABILITY = YES;
				GCC_C_LANGUAGE_STANDARD = gnu11;
				GCC_DYNAMIC_NO_PIC = NO;
				GCC_NO_COMMON_BLOCKS = YES;
				GCC_OPTIMIZATION_LEVEL = 0;
				GCC_PREPROCESSOR_DEFINITIONS = (
					"DEBUG=1",
					"$(inherited)",
				);
				GCC_WARN_64_TO_32_BIT_CONVERSION = YES;
				GCC_WARN_ABOUT_RETURN_TYPE = YES_ERROR;
				GCC_WARN_UNDECLARED_SELECTOR = YES;
				GCC_WARN_UNINITIALIZED_AUTOS = YES_AGGRESSIVE;
				GCC_WARN_UNUSED_FUNCTION = YES;
				GCC_WARN_UNUSED_VARIABLE = YES;
				MACOSX_DEPLOYMENT_TARGET = 11.7;
				MTL_ENABLE_DEBUG_INFO = INCLUDE_SOURCE;
				MTL_FAST_MATH = YES;
				ONLY_ACTIVE_ARCH = YES;
				SDKROOT = macosx;
				SWIFT_ACTIVE_COMPILATION_CONDITIONS = DEBUG;
				SWIFT_OPTIMIZATION_LEVEL = "-Onone";
			};
			name = Debug;
		};
		A8B6E3C72CF77EE3004BBEA5 /* Release */ = {
			isa = XCBuildConfiguration;
			buildSettings = {
				ALWAYS_SEARCH_USER_PATHS = NO;
				CLANG_ANALYZER_NONNULL = YES;
				CLANG_ANALYZER_NUMBER_OBJECT_CONVERSION = YES_AGGRESSIVE;
				CLANG_CXX_LANGUAGE_STANDARD = "gnu++17";
				CLANG_CXX_LIBRARY = "libc++";
				CLANG_ENABLE_MODULES = YES;
				CLANG_ENABLE_OBJC_ARC = YES;
				CLANG_ENABLE_OBJC_WEAK = YES;
				CLANG_WARN_BLOCK_CAPTURE_AUTORELEASING = YES;
				CLANG_WARN_BOOL_CONVERSION = YES;
				CLANG_WARN_COMMA = YES;
				CLANG_WARN_CONSTANT_CONVERSION = YES;
				CLANG_WARN_DEPRECATED_OBJC_IMPLEMENTATIONS = YES;
				CLANG_WARN_DIRECT_OBJC_ISA_USAGE = YES_ERROR;
				CLANG_WARN_DOCUMENTATION_COMMENTS = YES;
				CLANG_WARN_EMPTY_BODY = YES;
				CLANG_WARN_ENUM_CONVERSION = YES;
				CLANG_WARN_INFINITE_RECURSION = YES;
				CLANG_WARN_INT_CONVERSION = YES;
				CLANG_WARN_NON_LITERAL_NULL_CONVERSION = YES;
				CLANG_WARN_OBJC_IMPLICIT_RETAIN_SELF = YES;
				CLANG_WARN_OBJC_LITERAL_CONVERSION = YES;
				CLANG_WARN_OBJC_ROOT_CLASS = YES_ERROR;
				CLANG_WARN_QUOTED_INCLUDE_IN_FRAMEWORK_HEADER = YES;
				CLANG_WARN_RANGE_LOOP_ANALYSIS = YES;
				CLANG_WARN_STRICT_PROTOTYPES = YES;
				CLANG_WARN_SUSPICIOUS_MOVE = YES;
				CLANG_WARN_UNGUARDED_AVAILABILITY = YES_AGGRESSIVE;
				CLANG_WARN_UNREACHABLE_CODE = YES;
				CLANG_WARN__DUPLICATE_METHOD_MATCH = YES;
				COPY_PHASE_STRIP = NO;
				DEBUG_INFORMATION_FORMAT = "dwarf-with-dsym";
				ENABLE_NS_ASSERTIONS = NO;
				ENABLE_STRICT_OBJC_MSGSEND = YES;
				GCC_C_LANGUAGE_STANDARD = gnu11;
				GCC_NO_COMMON_BLOCKS = YES;
				GCC_WARN_64_TO_32_BIT_CONVERSION = YES;
				GCC_WARN_ABOUT_RETURN_TYPE = YES_ERROR;
				GCC_WARN_UNDECLARED_SELECTOR = YES;
				GCC_WARN_UNINITIALIZED_AUTOS = YES_AGGRESSIVE;
				GCC_WARN_UNUSED_FUNCTION = YES;
				GCC_WARN_UNUSED_VARIABLE = YES;
				MACOSX_DEPLOYMENT_TARGET = 11.7;
				MTL_ENABLE_DEBUG_INFO = NO;
				MTL_FAST_MATH = YES;
				SDKROOT = macosx;
				SWIFT_COMPILATION_MODE = wholemodule;
				SWIFT_OPTIMIZATION_LEVEL = "-O";
			};
			name = Release;
		};
		A8B6E3C92CF77EE3004BBEA5 /* Debug */ = {
			isa = XCBuildConfiguration;
			buildSettings = {
				ASSETCATALOG_COMPILER_APPICON_NAME = AppIcon;
				ASSETCATALOG_COMPILER_GLOBAL_ACCENT_COLOR_NAME = AccentColor;
				CLANG_ENABLE_MODULES = YES;
				CODE_SIGN_ENTITLEMENTS = LegacyExample01/LegacyExample01.entitlements;
				CODE_SIGN_STYLE = Automatic;
				COMBINE_HIDPI_IMAGES = YES;
				CURRENT_PROJECT_VERSION = 1;
				DEFINES_MODULE = YES;
				DEVELOPMENT_ASSET_PATHS = "\"LegacyExample01/Preview Content\"";
				DEVELOPMENT_TEAM = T8Y373PK8K;
				ENABLE_HARDENED_RUNTIME = YES;
				ENABLE_PREVIEWS = YES;
				GENERATE_INFOPLIST_FILE = YES;
				INFOPLIST_KEY_NSHumanReadableCopyright = "";
				LD_RUNPATH_SEARCH_PATHS = (
					"$(inherited)",
					"@executable_path/../Frameworks",
				);
				MARKETING_VERSION = 1.0;
				PRODUCT_BUNDLE_IDENTIFIER = com.marciobueno.LegacyExample01;
				PRODUCT_NAME = "$(TARGET_NAME)";
				SWIFT_EMIT_LOC_STRINGS = YES;
				SWIFT_OBJC_BRIDGING_HEADER = "LegacyExample01-Bridging-Header.h";
				SWIFT_OPTIMIZATION_LEVEL = "-Onone";
				SWIFT_VERSION = 5.0;
			};
			name = Debug;
		};
		A8B6E3CA2CF77EE3004BBEA5 /* Release */ = {
			isa = XCBuildConfiguration;
			buildSettings = {
				ASSETCATALOG_COMPILER_APPICON_NAME = AppIcon;
				ASSETCATALOG_COMPILER_GLOBAL_ACCENT_COLOR_NAME = AccentColor;
				CLANG_ENABLE_MODULES = YES;
				CODE_SIGN_ENTITLEMENTS = LegacyExample01/LegacyExample01.entitlements;
				CODE_SIGN_STYLE = Automatic;
				COMBINE_HIDPI_IMAGES = YES;
				CURRENT_PROJECT_VERSION = 1;
				DEFINES_MODULE = YES;
				DEVELOPMENT_ASSET_PATHS = "\"LegacyExample01/Preview Content\"";
				DEVELOPMENT_TEAM = T8Y373PK8K;
				ENABLE_HARDENED_RUNTIME = YES;
				ENABLE_PREVIEWS = YES;
				GENERATE_INFOPLIST_FILE = YES;
				INFOPLIST_KEY_NSHumanReadableCopyright = "";
				LD_RUNPATH_SEARCH_PATHS = (
					"$(inherited)",
					"@executable_path/../Frameworks",
				);
				MARKETING_VERSION = 1.0;
				PRODUCT_BUNDLE_IDENTIFIER = com.marciobueno.LegacyExample01;
				PRODUCT_NAME = "$(TARGET_NAME)";
				SWIFT_EMIT_LOC_STRINGS = YES;
				SWIFT_OBJC_BRIDGING_HEADER = "LegacyExample01-Bridging-Header.h";
				SWIFT_VERSION = 5.0;
			};
			name = Release;
		};
/* End XCBuildConfiguration section */

/* Begin XCConfigurationList section */
		A8B6E3B42CF77EDF004BBEA5 /* Build configuration list for PBXProject "LegacyExample01" */ = {
			isa = XCConfigurationList;
			buildConfigurations = (
				A8B6E3C62CF77EE3004BBEA5 /* Debug */,
				A8B6E3C72CF77EE3004BBEA5 /* Release */,
			);
			defaultConfigurationIsVisible = 0;
			defaultConfigurationName = Release;
		};
		A8B6E3C82CF77EE3004BBEA5 /* Build configuration list for PBXNativeTarget "LegacyExample01" */ = {
			isa = XCConfigurationList;
			buildConfigurations = (
				A8B6E3C92CF77EE3004BBEA5 /* Debug */,
				A8B6E3CA2CF77EE3004BBEA5 /* Release */,
			);
			defaultConfigurationIsVisible = 0;
			defaultConfigurationName = Release;
		};
/* End XCConfigurationList section */
	};
	rootObject = A8B6E3B12CF77EDF004BBEA5 /* Project object */;
}
